
Microsoft Visual Studio Solution File, Format Version 12.00
# Visual Studio Version 17
VisualStudioVersion = 17.12.35514.174
MinimumVisualStudioVersion = 10.0.40219.1
Project("{FAE04EC0-301F-11D3-BF4B-00C04F79EFBC}") = "DAL", "DAL\DAL.csproj", "{606957A0-31BE-4BBD-956E-3490B213ED59}"
EndProject
Project("{FAE04EC0-301F-11D3-BF4B-00C04F79EFBC}") = "Entities", "Entities\Entities.csproj", "{A686C163-7C9F-445D-87C7-46414ED2AD42}"
EndProject
Project("{FAE04EC0-301F-11D3-BF4B-00C04F79EFBC}") = "BLL", "BLL\BLL.csproj", "{80C6C828-4FAF-495C-BB08-72BF3DC0E4A4}"
EndProject
Project("{FAE04EC0-301F-11D3-BF4B-00C04F79EFBC}") = "Test", "Test\Test.csproj", "{F1384974-4B75-4E41-8124-A355BF3C81EB}"
EndProject
Project("{FAE04EC0-301F-11D3-BF4B-00C04F79EFBC}") = "SLC", "SLC\SLC.csproj", "{7985B6C2-0C3C-471A-BB26-A1C31376A3A5}"
EndProject
Project("{FAE04EC0-301F-11D3-BF4B-00C04F79EFBC}") = "ServiceSOAP", "ServiceSOAP\ServiceSOAP.csproj", "{01FF7EB9-C01F-4271-917F-DFD7DB02BE77}"
EndProject
Global
	GlobalSection(SolutionConfigurationPlatforms) = preSolution
		Debug|Any CPU = Debug|Any CPU
		Release|Any CPU = Release|Any CPU
	EndGlobalSection
	GlobalSection(ProjectConfigurationPlatforms) = postSolution
		{606957A0-31BE-4BBD-956E-3490B213ED59}.Debug|Any CPU.ActiveCfg = Debug|Any CPU
		{606957A0-31BE-4BBD-956E-3490B213ED59}.Debug|Any CPU.Build.0 = Debug|Any CPU
		{606957A0-31BE-4BBD-956E-3490B213ED59}.Release|Any CPU.ActiveCfg = Release|Any CPU
		{606957A0-31BE-4BBD-956E-3490B213ED59}.Release|Any CPU.Build.0 = Release|Any CPU
		{A686C163-7C9F-445D-87C7-46414ED2AD42}.Debug|Any CPU.ActiveCfg = Debug|Any CPU
		{A686C163-7C9F-445D-87C7-46414ED2AD42}.Debug|Any CPU.Build.0 = Debug|Any CPU
		{A686C163-7C9F-445D-87C7-46414ED2AD42}.Release|Any CPU.ActiveCfg = Release|Any CPU
		{A686C163-7C9F-445D-87C7-46414ED2AD42}.Release|Any CPU.Build.0 = Release|Any CPU
		{80C6C828-4FAF-495C-BB08-72BF3DC0E4A4}.Debug|Any CPU.ActiveCfg = Debug|Any CPU
		{80C6C828-4FAF-495C-BB08-72BF3DC0E4A4}.Debug|Any CPU.Build.0 = Debug|Any CPU
		{80C6C828-4FAF-495C-BB08-72BF3DC0E4A4}.Release|Any CPU.ActiveCfg = Release|Any CPU
		{80C6C828-4FAF-495C-BB08-72BF3DC0E4A4}.Release|Any CPU.Build.0 = Release|Any CPU
		{F1384974-4B75-4E41-8124-A355BF3C81EB}.Debug|Any CPU.ActiveCfg = Debug|Any CPU
		{F1384974-4B75-4E41-8124-A355BF3C81EB}.Debug|Any CPU.Build.0 = Debug|Any CPU
		{F1384974-4B75-4E41-8124-A355BF3C81EB}.Release|Any CPU.ActiveCfg = Release|Any CPU
		{F1384974-4B75-4E41-8124-A355BF3C81EB}.Release|Any CPU.Build.0 = Release|Any CPU
		{7985B6C2-0C3C-471A-BB26-A1C31376A3A5}.Debug|Any CPU.ActiveCfg = Debug|Any CPU
		{7985B6C2-0C3C-471A-BB26-A1C31376A3A5}.Debug|Any CPU.Build.0 = Debug|Any CPU
		{7985B6C2-0C3C-471A-BB26-A1C31376A3A5}.Release|Any CPU.ActiveCfg = Release|Any CPU
		{7985B6C2-0C3C-471A-BB26-A1C31376A3A5}.Release|Any CPU.Build.0 = Release|Any CPU
		{01FF7EB9-C01F-4271-917F-DFD7DB02BE77}.Debug|Any CPU.ActiveCfg = Debug|Any CPU
		{01FF7EB9-C01F-4271-917F-DFD7DB02BE77}.Debug|Any CPU.Build.0 = Debug|Any CPU
		{01FF7EB9-C01F-4271-917F-DFD7DB02BE77}.Release|Any CPU.ActiveCfg = Release|Any CPU
		{01FF7EB9-C01F-4271-917F-DFD7DB02BE77}.Release|Any CPU.Build.0 = Release|Any CPU
	EndGlobalSection
	GlobalSection(SolutionProperties) = preSolution
		HideSolutionNode = FALSE
	EndGlobalSection
EndGlobal
